
Microsoft Visual Studio Solution File, Format Version 12.00
# Visual Studio Version 16
VisualStudioVersion = 16.0.29806.167
MinimumVisualStudioVersion = 10.0.40219.1
Project("{FAE04EC0-301F-11D3-BF4B-00C04F79EFBC}") = "NSAAutomoveis.Domain", "NSAAutomoveis.Domain\NSAAutomoveis.Domain.csproj", "{4EB9DAC1-FD9B-4A0F-9B82-08D01A87CE1A}"
EndProject
Project("{FAE04EC0-301F-11D3-BF4B-00C04F79EFBC}") = "NSAAutomoveis.Repos", "NSAAutomoveis.Repos\NSAAutomoveis.Repos.csproj", "{E3918A07-7541-4740-94F7-88F7C7D2C4CF}"
EndProject
Project("{FAE04EC0-301F-11D3-BF4B-00C04F79EFBC}") = "NSAAutomoveis.Web", "NSAAutomoveis.Web\NSAAutomoveis.Web.csproj", "{B910E772-6AE4-4149-8123-47B107CFF5E8}"
EndProject
Global
	GlobalSection(SolutionConfigurationPlatforms) = preSolution
		Debug|Any CPU = Debug|Any CPU
		Release|Any CPU = Release|Any CPU
	EndGlobalSection
	GlobalSection(ProjectConfigurationPlatforms) = postSolution
		{4EB9DAC1-FD9B-4A0F-9B82-08D01A87CE1A}.Debug|Any CPU.ActiveCfg = Debug|Any CPU
		{4EB9DAC1-FD9B-4A0F-9B82-08D01A87CE1A}.Debug|Any CPU.Build.0 = Debug|Any CPU
		{4EB9DAC1-FD9B-4A0F-9B82-08D01A87CE1A}.Release|Any CPU.ActiveCfg = Release|Any CPU
		{4EB9DAC1-FD9B-4A0F-9B82-08D01A87CE1A}.Release|Any CPU.Build.0 = Release|Any CPU
		{E3918A07-7541-4740-94F7-88F7C7D2C4CF}.Debug|Any CPU.ActiveCfg = Debug|Any CPU
		{E3918A07-7541-4740-94F7-88F7C7D2C4CF}.Debug|Any CPU.Build.0 = Debug|Any CPU
		{E3918A07-7541-4740-94F7-88F7C7D2C4CF}.Release|Any CPU.ActiveCfg = Release|Any CPU
		{E3918A07-7541-4740-94F7-88F7C7D2C4CF}.Release|Any CPU.Build.0 = Release|Any CPU
		{B910E772-6AE4-4149-8123-47B107CFF5E8}.Debug|Any CPU.ActiveCfg = Debug|Any CPU
		{B910E772-6AE4-4149-8123-47B107CFF5E8}.Debug|Any CPU.Build.0 = Debug|Any CPU
		{B910E772-6AE4-4149-8123-47B107CFF5E8}.Release|Any CPU.ActiveCfg = Release|Any CPU
		{B910E772-6AE4-4149-8123-47B107CFF5E8}.Release|Any CPU.Build.0 = Release|Any CPU
	EndGlobalSection
	GlobalSection(SolutionProperties) = preSolution
		HideSolutionNode = FALSE
	EndGlobalSection
	GlobalSection(ExtensibilityGlobals) = postSolution
		SolutionGuid = {54A77459-2A4C-4CD7-A3A0-400E5D3E8634}
	EndGlobalSection
EndGlobal
